
Microsoft Visual Studio Solution File, Format Version 12.00
# Visual Studio Version 17
VisualStudioVersion = 17.8.34525.116
MinimumVisualStudioVersion = 10.0.40219.1
Project("{FAE04EC0-301F-11D3-BF4B-00C04F79EFBC}") = "AxcelConverter", "AxcelConverter.csproj", "{607EEFF5-18D1-4FAF-ACC6-B1D52FDECD02}"
EndProject
Global
	GlobalSection(SolutionConfigurationPlatforms) = preSolution
		Debug|Any CPU = Debug|Any CPU
		Release|Any CPU = Release|Any CPU
	EndGlobalSection
	GlobalSection(ProjectConfigurationPlatforms) = postSolution
		{607EEFF5-18D1-4FAF-ACC6-B1D52FDECD02}.Debug|Any CPU.ActiveCfg = Debug|Any CPU
		{607EEFF5-18D1-4FAF-ACC6-B1D52FDECD02}.Debug|Any CPU.Build.0 = Debug|Any CPU
		{607EEFF5-18D1-4FAF-ACC6-B1D52FDECD02}.Release|Any CPU.ActiveCfg = Release|Any CPU
		{607EEFF5-18D1-4FAF-ACC6-B1D52FDECD02}.Release|Any CPU.Build.0 = Release|Any CPU
	EndGlobalSection
	GlobalSection(SolutionProperties) = preSolution
		HideSolutionNode = FALSE
	EndGlobalSection
	GlobalSection(ExtensibilityGlobals) = postSolution
		SolutionGuid = {8750B690-49FE-4E1E-B165-751F113DF21A}
	EndGlobalSection
EndGlobal
